
Microsoft Visual Studio Solution File, Format Version 12.00
# Visual Studio Version 17
VisualStudioVersion = 17.8.34316.72
MinimumVisualStudioVersion = 10.0.40219.1
Project("{9A19103F-16F7-4668-BE54-9A1E7A4F7556}") = "FilterPagingEfCore", "FilterPagingEfCore.csproj", "{523744D4-B22F-47FD-9DE0-4B7EE5A606FE}"
EndProject
Global
	GlobalSection(SolutionConfigurationPlatforms) = preSolution
		Debug|Any CPU = Debug|Any CPU
		Release|Any CPU = Release|Any CPU
	EndGlobalSection
	GlobalSection(ProjectConfigurationPlatforms) = postSolution
		{523744D4-B22F-47FD-9DE0-4B7EE5A606FE}.Debug|Any CPU.ActiveCfg = Debug|Any CPU
		{523744D4-B22F-47FD-9DE0-4B7EE5A606FE}.Debug|Any CPU.Build.0 = Debug|Any CPU
		{523744D4-B22F-47FD-9DE0-4B7EE5A606FE}.Release|Any CPU.ActiveCfg = Release|Any CPU
		{523744D4-B22F-47FD-9DE0-4B7EE5A606FE}.Release|Any CPU.Build.0 = Release|Any CPU
	EndGlobalSection
	GlobalSection(SolutionProperties) = preSolution
		HideSolutionNode = FALSE
	EndGlobalSection
	GlobalSection(ExtensibilityGlobals) = postSolution
		SolutionGuid = {13E3041E-DE2A-4328-B453-415D0B37C982}
	EndGlobalSection
EndGlobal
